
Microsoft Visual Studio Solution File, Format Version 12.00
# Visual Studio 2013
VisualStudioVersion = 12.0.21005.1
MinimumVisualStudioVersion = 10.0.40219.1
Project("{FAE04EC0-301F-11D3-BF4B-00C04F79EFBC}") = "Algorithms", "Algorithms\Algorithms.csproj", "{E96DFFB9-E287-47FE-B472-69F29E67037B}"
EndProject
Project("{FAE04EC0-301F-11D3-BF4B-00C04F79EFBC}") = "Graphs", "Graphs\Graphs.csproj", "{136F1B34-FB48-402B-9CAD-81F9EBC93809}"
EndProject
Project("{FAE04EC0-301F-11D3-BF4B-00C04F79EFBC}") = "UnitTests", "UnitTests\UnitTests.csproj", "{6EB5AE37-BF69-4352-83FD-C83E5671C2E5}"
EndProject
Global
	GlobalSection(SolutionConfigurationPlatforms) = preSolution
		Debug|Any CPU = Debug|Any CPU
		Release|Any CPU = Release|Any CPU
	EndGlobalSection
	GlobalSection(ProjectConfigurationPlatforms) = postSolution
		{E96DFFB9-E287-47FE-B472-69F29E67037B}.Debug|Any CPU.ActiveCfg = Debug|Any CPU
		{E96DFFB9-E287-47FE-B472-69F29E67037B}.Debug|Any CPU.Build.0 = Debug|Any CPU
		{E96DFFB9-E287-47FE-B472-69F29E67037B}.Release|Any CPU.ActiveCfg = Release|Any CPU
		{E96DFFB9-E287-47FE-B472-69F29E67037B}.Release|Any CPU.Build.0 = Release|Any CPU
		{136F1B34-FB48-402B-9CAD-81F9EBC93809}.Debug|Any CPU.ActiveCfg = Debug|Any CPU
		{136F1B34-FB48-402B-9CAD-81F9EBC93809}.Debug|Any CPU.Build.0 = Debug|Any CPU
		{136F1B34-FB48-402B-9CAD-81F9EBC93809}.Release|Any CPU.ActiveCfg = Release|Any CPU
		{136F1B34-FB48-402B-9CAD-81F9EBC93809}.Release|Any CPU.Build.0 = Release|Any CPU
		{6EB5AE37-BF69-4352-83FD-C83E5671C2E5}.Debug|Any CPU.ActiveCfg = Debug|Any CPU
		{6EB5AE37-BF69-4352-83FD-C83E5671C2E5}.Debug|Any CPU.Build.0 = Debug|Any CPU
		{6EB5AE37-BF69-4352-83FD-C83E5671C2E5}.Release|Any CPU.ActiveCfg = Release|Any CPU
		{6EB5AE37-BF69-4352-83FD-C83E5671C2E5}.Release|Any CPU.Build.0 = Release|Any CPU
	EndGlobalSection
	GlobalSection(SolutionProperties) = preSolution
		HideSolutionNode = FALSE
	EndGlobalSection
EndGlobal
